
Microsoft Visual Studio Solution File, Format Version 12.00
# Visual Studio Version 17
VisualStudioVersion = 17.10.34928.147
MinimumVisualStudioVersion = 10.0.40219.1
Project("{FAE04EC0-301F-11D3-BF4B-00C04F79EFBC}") = "ShapeAnimator", "ShapeAnimator\ShapeAnimator.csproj", "{DA4EA8F3-9C5D-4FB6-8D4C-50643FC16178}"
EndProject
Global
	GlobalSection(SolutionConfigurationPlatforms) = preSolution
		Debug|Any CPU = Debug|Any CPU
		Release|Any CPU = Release|Any CPU
	EndGlobalSection
	GlobalSection(ProjectConfigurationPlatforms) = postSolution
		{DA4EA8F3-9C5D-4FB6-8D4C-50643FC16178}.Debug|Any CPU.ActiveCfg = Debug|Any CPU
		{DA4EA8F3-9C5D-4FB6-8D4C-50643FC16178}.Debug|Any CPU.Build.0 = Debug|Any CPU
		{DA4EA8F3-9C5D-4FB6-8D4C-50643FC16178}.Release|Any CPU.ActiveCfg = Release|Any CPU
		{DA4EA8F3-9C5D-4FB6-8D4C-50643FC16178}.Release|Any CPU.Build.0 = Release|Any CPU
	EndGlobalSection
	GlobalSection(SolutionProperties) = preSolution
		HideSolutionNode = FALSE
	EndGlobalSection
	GlobalSection(ExtensibilityGlobals) = postSolution
		SolutionGuid = {E97295A3-129E-4A53-B8C2-B64B622405D0}
	EndGlobalSection
EndGlobal
